langcode: en
status: true
dependencies:
  module:
    - study_blocks
  theme:
    - bartik
id: defaultblock
theme: bartik
region: sidebar_first
weight: -7
provider: null
plugin: study_blocks_default_block
settings:
  id: study_blocks_default_block
  label: 'Default block'
  provider: study_blocks
  label_display: visible
visibility: {  }
