uuid: 8306ea1d-b698-44cb-9f27-844a97c5faf7
langcode: en
status: true
dependencies:
  module:
    - study_blocks
  theme:
    - bartik
id: defaultblock
theme: bartik
region: sidebar_first
weight: -5
provider: null
plugin: default_block
settings:
  id: default_block
  label: 'Default block'
  provider: study_blocks
  label_display: visible
visibility: {  }
